
Microsoft Visual Studio Solution File, Format Version 12.00
# Visual Studio Version 17
VisualStudioVersion = 17.1.32319.34
MinimumVisualStudioVersion = 10.0.40219.1
Project("{9A19103F-16F7-4668-BE54-9A1E7A4F7556}") = "JuriTechV2", "JuriTechV2\JuriTechV2.csproj", "{AAD7B97B-E822-4403-9295-3FF8728E17D9}"
EndProject
Project("{9A19103F-16F7-4668-BE54-9A1E7A4F7556}") = "JuriTechV2.Tests", "JuriTechV2.Tests\JuriTechV2.Tests.csproj", "{CE3C9393-DA20-45FB-87AD-ADCF0048B5C4}"
EndProject
Global
	GlobalSection(SolutionConfigurationPlatforms) = preSolution
		Debug|Any CPU = Debug|Any CPU
		Release|Any CPU = Release|Any CPU
	EndGlobalSection
	GlobalSection(ProjectConfigurationPlatforms) = postSolution
		{AAD7B97B-E822-4403-9295-3FF8728E17D9}.Debug|Any CPU.ActiveCfg = Debug|Any CPU
		{AAD7B97B-E822-4403-9295-3FF8728E17D9}.Debug|Any CPU.Build.0 = Debug|Any CPU
		{AAD7B97B-E822-4403-9295-3FF8728E17D9}.Release|Any CPU.ActiveCfg = Release|Any CPU
		{AAD7B97B-E822-4403-9295-3FF8728E17D9}.Release|Any CPU.Build.0 = Release|Any CPU
		{CE3C9393-DA20-45FB-87AD-ADCF0048B5C4}.Debug|Any CPU.ActiveCfg = Debug|Any CPU
		{CE3C9393-DA20-45FB-87AD-ADCF0048B5C4}.Debug|Any CPU.Build.0 = Debug|Any CPU
		{CE3C9393-DA20-45FB-87AD-ADCF0048B5C4}.Release|Any CPU.ActiveCfg = Release|Any CPU
		{CE3C9393-DA20-45FB-87AD-ADCF0048B5C4}.Release|Any CPU.Build.0 = Release|Any CPU
	EndGlobalSection
	GlobalSection(SolutionProperties) = preSolution
		HideSolutionNode = FALSE
	EndGlobalSection
	GlobalSection(ExtensibilityGlobals) = postSolution
		SolutionGuid = {A0829EDD-1F29-41E9-9D89-40BF7E689528}
	EndGlobalSection
EndGlobal
